
Microsoft Visual Studio Solution File, Format Version 12.00
# Visual Studio Version 17
VisualStudioVersion = 17.3.32901.215
MinimumVisualStudioVersion = 10.0.40219.1
Project("{9A19103F-16F7-4668-BE54-9A1E7A4F7556}") = "H.Npoi.Fast.Test", "npoi.fast.test\H.Npoi.Fast.Test.csproj", "{870E65F1-409E-474D-84A2-2F43D96A3F82}"
EndProject
Project("{9A19103F-16F7-4668-BE54-9A1E7A4F7556}") = "H.Npoi.Fast", "npoi.fast\H.Npoi.Fast.csproj", "{2C617181-8F32-4DAC-8D3B-031FA14E9DE7}"
EndProject
Global
	GlobalSection(SolutionConfigurationPlatforms) = preSolution
		Debug|Any CPU = Debug|Any CPU
		Release|Any CPU = Release|Any CPU
	EndGlobalSection
	GlobalSection(ProjectConfigurationPlatforms) = postSolution
		{870E65F1-409E-474D-84A2-2F43D96A3F82}.Debug|Any CPU.ActiveCfg = Debug|Any CPU
		{870E65F1-409E-474D-84A2-2F43D96A3F82}.Debug|Any CPU.Build.0 = Debug|Any CPU
		{870E65F1-409E-474D-84A2-2F43D96A3F82}.Release|Any CPU.ActiveCfg = Release|Any CPU
		{870E65F1-409E-474D-84A2-2F43D96A3F82}.Release|Any CPU.Build.0 = Release|Any CPU
		{2C617181-8F32-4DAC-8D3B-031FA14E9DE7}.Debug|Any CPU.ActiveCfg = Debug|Any CPU
		{2C617181-8F32-4DAC-8D3B-031FA14E9DE7}.Debug|Any CPU.Build.0 = Debug|Any CPU
		{2C617181-8F32-4DAC-8D3B-031FA14E9DE7}.Release|Any CPU.ActiveCfg = Release|Any CPU
		{2C617181-8F32-4DAC-8D3B-031FA14E9DE7}.Release|Any CPU.Build.0 = Release|Any CPU
	EndGlobalSection
	GlobalSection(SolutionProperties) = preSolution
		HideSolutionNode = FALSE
	EndGlobalSection
	GlobalSection(ExtensibilityGlobals) = postSolution
		SolutionGuid = {E5C492D9-149E-40EF-8F0B-23881E5706BD}
	EndGlobalSection
EndGlobal
